
Microsoft Visual Studio Solution File, Format Version 12.00
# Visual Studio Version 17
VisualStudioVersion = 17.0.32014.148
MinimumVisualStudioVersion = 10.0.40219.1
Project("{FAE04EC0-301F-11D3-BF4B-00C04F79EFBC}") = "Airport", "Airport\Airport.csproj", "{B219E12A-0758-4449-AD95-6E5783686122}"
EndProject
Global
	GlobalSection(SolutionConfigurationPlatforms) = preSolution
		Debug|Any CPU = Debug|Any CPU
		Release|Any CPU = Release|Any CPU
	EndGlobalSection
	GlobalSection(ProjectConfigurationPlatforms) = postSolution
		{B219E12A-0758-4449-AD95-6E5783686122}.Debug|Any CPU.ActiveCfg = Debug|Any CPU
		{B219E12A-0758-4449-AD95-6E5783686122}.Debug|Any CPU.Build.0 = Debug|Any CPU
		{B219E12A-0758-4449-AD95-6E5783686122}.Release|Any CPU.ActiveCfg = Release|Any CPU
		{B219E12A-0758-4449-AD95-6E5783686122}.Release|Any CPU.Build.0 = Release|Any CPU
	EndGlobalSection
	GlobalSection(SolutionProperties) = preSolution
		HideSolutionNode = FALSE
	EndGlobalSection
	GlobalSection(ExtensibilityGlobals) = postSolution
		SolutionGuid = {30A0EEC7-BA79-4906-BEE1-11D515B1DA7F}
	EndGlobalSection
EndGlobal
